
Microsoft Visual Studio Solution File, Format Version 12.00
# Visual Studio Version 17
VisualStudioVersion = 17.0.31903.59
MinimumVisualStudioVersion = 10.0.40219.1
Project("{2150E333-8FDC-42A3-9474-1A3956D46DE8}") = "desktop-app", "desktop-app", "{B1686F21-CA67-CD1A-0564-DB2C7CB249FD}"
EndProject
Project("{FAE04EC0-301F-11D3-BF4B-00C04F79EFBC}") = "OmniSight.Core", "desktop-app\OmniSight.Core\OmniSight.Core.csproj", "{AEEEBC1E-2A92-4500-81E5-5630B0928ED4}"
EndProject
Project("{FAE04EC0-301F-11D3-BF4B-00C04F79EFBC}") = "OmniSight.App", "desktop-app\OmniSight.App\OmniSight.App.csproj", "{9EF8E9C4-39ED-4BF4-864C-6ED62EAC9C33}"
EndProject
Project("{FAE04EC0-301F-11D3-BF4B-00C04F79EFBC}") = "OmniSight.App.Tests", "desktop-app\OmniSight.App.Tests\OmniSight.App.Tests.csproj", "{68197686-2063-431C-B629-CC84141076D9}"
EndProject
Global
	GlobalSection(SolutionConfigurationPlatforms) = preSolution
		Debug|Any CPU = Debug|Any CPU
		Debug|x64 = Debug|x64
		Debug|x86 = Debug|x86
		Release|Any CPU = Release|Any CPU
		Release|x64 = Release|x64
		Release|x86 = Release|x86
	EndGlobalSection
	GlobalSection(ProjectConfigurationPlatforms) = postSolution
		{AEEEBC1E-2A92-4500-81E5-5630B0928ED4}.Debug|Any CPU.ActiveCfg = Debug|Any CPU
		{AEEEBC1E-2A92-4500-81E5-5630B0928ED4}.Debug|Any CPU.Build.0 = Debug|Any CPU
		{AEEEBC1E-2A92-4500-81E5-5630B0928ED4}.Debug|x64.ActiveCfg = Debug|Any CPU
		{AEEEBC1E-2A92-4500-81E5-5630B0928ED4}.Debug|x64.Build.0 = Debug|Any CPU
		{AEEEBC1E-2A92-4500-81E5-5630B0928ED4}.Debug|x86.ActiveCfg = Debug|Any CPU
		{AEEEBC1E-2A92-4500-81E5-5630B0928ED4}.Debug|x86.Build.0 = Debug|Any CPU
		{AEEEBC1E-2A92-4500-81E5-5630B0928ED4}.Release|Any CPU.ActiveCfg = Release|Any CPU
		{AEEEBC1E-2A92-4500-81E5-5630B0928ED4}.Release|Any CPU.Build.0 = Release|Any CPU
		{AEEEBC1E-2A92-4500-81E5-5630B0928ED4}.Release|x64.ActiveCfg = Release|Any CPU
		{AEEEBC1E-2A92-4500-81E5-5630B0928ED4}.Release|x64.Build.0 = Release|Any CPU
		{AEEEBC1E-2A92-4500-81E5-5630B0928ED4}.Release|x86.ActiveCfg = Release|Any CPU
		{AEEEBC1E-2A92-4500-81E5-5630B0928ED4}.Release|x86.Build.0 = Release|Any CPU
		{9EF8E9C4-39ED-4BF4-864C-6ED62EAC9C33}.Debug|Any CPU.ActiveCfg = Debug|Any CPU
		{9EF8E9C4-39ED-4BF4-864C-6ED62EAC9C33}.Debug|Any CPU.Build.0 = Debug|Any CPU
		{9EF8E9C4-39ED-4BF4-864C-6ED62EAC9C33}.Debug|x64.ActiveCfg = Debug|Any CPU
		{9EF8E9C4-39ED-4BF4-864C-6ED62EAC9C33}.Debug|x64.Build.0 = Debug|Any CPU
		{9EF8E9C4-39ED-4BF4-864C-6ED62EAC9C33}.Debug|x86.ActiveCfg = Debug|Any CPU
		{9EF8E9C4-39ED-4BF4-864C-6ED62EAC9C33}.Debug|x86.Build.0 = Debug|Any CPU
		{9EF8E9C4-39ED-4BF4-864C-6ED62EAC9C33}.Release|Any CPU.ActiveCfg = Release|Any CPU
		{9EF8E9C4-39ED-4BF4-864C-6ED62EAC9C33}.Release|Any CPU.Build.0 = Release|Any CPU
		{9EF8E9C4-39ED-4BF4-864C-6ED62EAC9C33}.Release|x64.ActiveCfg = Release|Any CPU
		{9EF8E9C4-39ED-4BF4-864C-6ED62EAC9C33}.Release|x64.Build.0 = Release|Any CPU
		{9EF8E9C4-39ED-4BF4-864C-6ED62EAC9C33}.Release|x86.ActiveCfg = Release|Any CPU
		{9EF8E9C4-39ED-4BF4-864C-6ED62EAC9C33}.Release|x86.Build.0 = Release|Any CPU
		{68197686-2063-431C-B629-CC84141076D9}.Debug|Any CPU.ActiveCfg = Debug|Any CPU
		{68197686-2063-431C-B629-CC84141076D9}.Debug|Any CPU.Build.0 = Debug|Any CPU
		{68197686-2063-431C-B629-CC84141076D9}.Debug|x64.ActiveCfg = Debug|Any CPU
		{68197686-2063-431C-B629-CC84141076D9}.Debug|x64.Build.0 = Debug|Any CPU
		{68197686-2063-431C-B629-CC84141076D9}.Debug|x86.ActiveCfg = Debug|Any CPU
		{68197686-2063-431C-B629-CC84141076D9}.Debug|x86.Build.0 = Debug|Any CPU
		{68197686-2063-431C-B629-CC84141076D9}.Release|Any CPU.ActiveCfg = Release|Any CPU
		{68197686-2063-431C-B629-CC84141076D9}.Release|Any CPU.Build.0 = Release|Any CPU
		{68197686-2063-431C-B629-CC84141076D9}.Release|x64.ActiveCfg = Release|Any CPU
		{68197686-2063-431C-B629-CC84141076D9}.Release|x64.Build.0 = Release|Any CPU
		{68197686-2063-431C-B629-CC84141076D9}.Release|x86.ActiveCfg = Release|Any CPU
		{68197686-2063-431C-B629-CC84141076D9}.Release|x86.Build.0 = Release|Any CPU
	EndGlobalSection
	GlobalSection(SolutionProperties) = preSolution
		HideSolutionNode = FALSE
	EndGlobalSection
	GlobalSection(NestedProjects) = preSolution
		{AEEEBC1E-2A92-4500-81E5-5630B0928ED4} = {B1686F21-CA67-CD1A-0564-DB2C7CB249FD}
		{9EF8E9C4-39ED-4BF4-864C-6ED62EAC9C33} = {B1686F21-CA67-CD1A-0564-DB2C7CB249FD}
		{68197686-2063-431C-B629-CC84141076D9} = {B1686F21-CA67-CD1A-0564-DB2C7CB249FD}
	EndGlobalSection
EndGlobal
